
Microsoft Visual Studio Solution File, Format Version 12.00
# Visual Studio 15
Project("{FAE04EC0-301F-11D3-BF4B-00C04F79EFBC}") = "TinyDemo", "TinyDemo.csproj", "{FC951E34-6882-4DE5-928B-4371AE02086C}"
EndProject
Global
	GlobalSection(SolutionConfigurationPlatforms) = preSolution
		Debug|Any CPU = Debug|Any CPU
		Release|Any CPU = Release|Any CPU
	EndGlobalSection
	GlobalSection(ProjectConfigurationPlatforms) = postSolution
		{FC951E34-6882-4DE5-928B-4371AE02086C}.Debug|Any CPU.ActiveCfg = Debug|Any CPU
		{FC951E34-6882-4DE5-928B-4371AE02086C}.Debug|Any CPU.Build.0 = Debug|Any CPU
		{FC951E34-6882-4DE5-928B-4371AE02086C}.Release|Any CPU.ActiveCfg = Release|Any CPU
		{FC951E34-6882-4DE5-928B-4371AE02086C}.Release|Any CPU.Build.0 = Release|Any CPU
	EndGlobalSection
EndGlobal
